# THIS IS AN AUTOGENERATED FILE. DO NOT EDIT THIS FILE DIRECTLY.
# yarn lockfile v1


"@sindresorhus/is@^0.14.0":
  "integrity" "sha512-9NET910DNaIPngYnLLPeg+Ogzqsi9uM4mSboU5y6p8S5DzMTVEsJZrawi+BoDNUVBa2DhJqQYUFvMDfgU062LQ=="
  "resolved" "https://registry.npmjs.org/@sindresorhus/is/-/is-0.14.0.tgz"
  "version" "0.14.0"

"@szmarczak/http-timer@^1.1.2":
  "integrity" "sha512-XIB2XbzHTN6ieIjfIMV9hlVcfPU26s2vafYWQcZHWXHOxiaRZYEDKEwdl129Zyg50+foYV2jCgtrqSA6qNuNSA=="
  "resolved" "https://registry.npmjs.org/@szmarczak/http-timer/-/http-timer-1.1.2.tgz"
  "version" "1.1.2"
  dependencies:
    "defer-to-connect" "^1.0.1"

"ansi-styles@^3.2.1":
  "integrity" "sha512-VT0ZI6kZRdTh8YyJw3SMbYm/u+NqfsAxEpWO0Pf9sq8/e94WxxOpPKx9FR1FlyCtOVDNOQ+8ntlqFxiRc+r5qA=="
  "resolved" "https://registry.npmjs.org/ansi-styles/-/ansi-styles-3.2.1.tgz"
  "version" "3.2.1"
  dependencies:
    "color-convert" "^1.9.0"

"cacheable-request@^6.0.0":
  "integrity" "sha512-Oj3cAGPCqOZX7Rz64Uny2GYAZNliQSqfbePrgAQ1wKAihYmCUnraBtJtKcGR4xz7wF+LoJC+ssFZvv5BgF9Igg=="
  "resolved" "https://registry.npmjs.org/cacheable-request/-/cacheable-request-6.1.0.tgz"
  "version" "6.1.0"
  dependencies:
    "clone-response" "^1.0.2"
    "get-stream" "^5.1.0"
    "http-cache-semantics" "^4.0.0"
    "keyv" "^3.0.0"
    "lowercase-keys" "^2.0.0"
    "normalize-url" "^4.1.0"
    "responselike" "^1.0.2"

"chalk@~2.4.2":
  "integrity" "sha512-Mti+f9lpJNcwF4tWV8/OrTTtF1gZi+f8FqlyAdouralcFWFQWF2+NgCHShjkCb+IFBLq9buZwE1xckQU4peSuQ=="
  "resolved" "https://registry.npmjs.org/chalk/-/chalk-2.4.2.tgz"
  "version" "2.4.2"
  dependencies:
    "ansi-styles" "^3.2.1"
    "escape-string-regexp" "^1.0.5"
    "supports-color" "^5.3.0"

"clone-response@^1.0.2":
  "integrity" "sha1-0dyXOSAxTfZ/vrlCI7TuNQI56Ws= sha512-yjLXh88P599UOyPTFX0POsd7WxnbsVsGohcwzHOLspIhhpalPw1BcqED8NblyZLKcGrL8dTgMlcaZxV2jAD41Q=="
  "resolved" "https://registry.npmjs.org/clone-response/-/clone-response-1.0.2.tgz"
  "version" "1.0.2"
  dependencies:
    "mimic-response" "^1.0.0"

"color-convert@^1.9.0":
  "integrity" "sha512-QfAUtd+vFdAtFQcC8CCyYt1fYWxSqAiK2cSD6zDB8N3cpsEBAvRxp9zOGg6G/SHHJYAT88/az/IuDGALsNVbGg=="
  "resolved" "https://registry.npmjs.org/color-convert/-/color-convert-1.9.3.tgz"
  "version" "1.9.3"
  dependencies:
    "color-name" "1.1.3"

"color-name@1.1.3":
  "integrity" "sha1-p9BVi9icQveV3UIyj3QIMcpTvCU= sha512-72fSenhMw2HZMTVHeCA9KCmpEIbzWiQsjN+BHcBbS9vr1mtt+vJjPdksIBNUmKAW8TFUDPJK5SUU3QhE9NEXDw=="
  "resolved" "https://registry.npmjs.org/color-name/-/color-name-1.1.3.tgz"
  "version" "1.1.3"

"commander@~2.20.0":
  "integrity" "sha512-7j2y+40w61zy6YC2iRNpUe/NwhNyoXrYpHMrSunaMG64nRnaf96zO/KMQR4OyN/UnE5KLyEBnKHd4aG3rskjpQ=="
  "resolved" "https://registry.npmjs.org/commander/-/commander-2.20.0.tgz"
  "version" "2.20.0"

"decompress-response@^3.3.0":
  "integrity" "sha1-gKTdMjdIOEv6JICDYirt7Jgq3/M= sha512-BzRPQuY1ip+qDonAOz42gRm/pg9F768C+npV/4JOsxRC2sq+Rlk+Q4ZCAsOhnIaMrgarILY+RMUIvMmmX1qAEA=="
  "resolved" "https://registry.npmjs.org/decompress-response/-/decompress-response-3.3.0.tgz"
  "version" "3.3.0"
  dependencies:
    "mimic-response" "^1.0.0"

"defer-to-connect@^1.0.1":
  "integrity" "sha512-k09hcQcTDY+cwgiwa6PYKLm3jlagNzQ+RSvhjzESOGOx+MNOuXkxTfEvPrO1IOQ81tArCFYQgi631clB70RpQw=="
  "resolved" "https://registry.npmjs.org/defer-to-connect/-/defer-to-connect-1.0.2.tgz"
  "version" "1.0.2"

"dev-to-git@1.1.0":
  "integrity" "sha512-XOdc9Fiu+H95Inbex9toxrLmd9RYEOYG08FHZzbwKDkBtocJA+N6wsW7FFX9kZBcZ8wYi3IgkEtIriMNCPsMIw=="
  "resolved" "https://registry.npmjs.org/dev-to-git/-/dev-to-git-1.1.0.tgz"
  "version" "1.1.0"
  dependencies:
    "dotenv" "8.0.0"
    "got" "9.6.0"
    "minimist" "1.2.0"

"dotenv@8.0.0":
  "integrity" "sha512-30xVGqjLjiUOArT4+M5q9sYdvuR4riM6yK9wMcas9Vbp6zZa+ocC9dp6QoftuhTPhFAiLK/0C5Ni2nou/Bk8lg=="
  "resolved" "https://registry.npmjs.org/dotenv/-/dotenv-8.0.0.tgz"
  "version" "8.0.0"

"duplexer3@^0.1.4":
  "integrity" "sha1-7gHdHKwO08vH/b6jfcCo8c4ALOI= sha512-CEj8FwwNA4cVH2uFCoHUrmojhYh1vmCdOaneKJXwkeY1i9jnlslVo9dx+hQ5Hl9GnH/Bwy/IjxAyOePyPKYnzA=="
  "resolved" "https://registry.npmjs.org/duplexer3/-/duplexer3-0.1.4.tgz"
  "version" "0.1.4"

"embedme@1.11.0":
  "integrity" "sha512-m5ywGngWOz74abc2uInIltnZzZ/Uo9iCOwih4weV+7pK/4y07GHygqwYsG0GqWE41q0erlFghphLwEHX1PdbcQ=="
  "resolved" "https://registry.npmjs.org/embedme/-/embedme-1.11.0.tgz"
  "version" "1.11.0"
  dependencies:
    "chalk" "~2.4.2"
    "commander" "~2.20.0"
    "gitignore-parser" "~0.0.2"

"end-of-stream@^1.1.0":
  "integrity" "sha512-1MkrZNvWTKCaigbn+W15elq2BB/L22nqrSY5DKlo3X6+vclJm8Bb5djXJBmEX6fS3+zCh/F4VBK5Z2KxJt4s2Q=="
  "resolved" "https://registry.npmjs.org/end-of-stream/-/end-of-stream-1.4.1.tgz"
  "version" "1.4.1"
  dependencies:
    "once" "^1.4.0"

"escape-string-regexp@^1.0.5":
  "integrity" "sha1-G2HAViGQqN/2rjuyzwIAyhMLhtQ= sha512-vbRorB5FUQWvla16U8R/qgaFIya2qGzwDrNmCZuYKrbdSUMG6I1ZCGQRefkRVhuOkIGVne7BQ35DSfo1qvJqFg=="
  "resolved" "https://registry.npmjs.org/escape-string-regexp/-/escape-string-regexp-1.0.5.tgz"
  "version" "1.0.5"

"get-stream@^4.1.0":
  "integrity" "sha512-GMat4EJ5161kIy2HevLlr4luNjBgvmj413KaQA7jt4V8B4RDsfpHk7WQ9GVqfYyyx8OS/L66Kox+rJRNklLK7w=="
  "resolved" "https://registry.npmjs.org/get-stream/-/get-stream-4.1.0.tgz"
  "version" "4.1.0"
  dependencies:
    "pump" "^3.0.0"

"get-stream@^5.1.0":
  "integrity" "sha512-EXr1FOzrzTfGeL0gQdeFEvOMm2mzMOglyiOXSTpPC+iAjAKftbr3jpCMWynogwYnM+eSj9sHGc6wjIcDvYiygw=="
  "resolved" "https://registry.npmjs.org/get-stream/-/get-stream-5.1.0.tgz"
  "version" "5.1.0"
  dependencies:
    "pump" "^3.0.0"

"gitignore-parser@~0.0.2":
  "integrity" "sha1-9hJZuYXdkUFLmnFo+u+RccLuxd8= sha512-X6mpqUv59uWLGD4n3hZ8Cu8KbF2PMWPSFYmxZjdkpm3yOU7hSUYnzTkZI1mcWqchphvqyuz3/BhgBR4E/JtkCg=="
  "resolved" "https://registry.npmjs.org/gitignore-parser/-/gitignore-parser-0.0.2.tgz"
  "version" "0.0.2"

"got@9.6.0":
  "integrity" "sha512-R7eWptXuGYxwijs0eV+v3o6+XH1IqVK8dJOEecQfTmkncw9AV4dcw/Dhxi8MdlqPthxxpZyizMzyg8RTmEsG+Q=="
  "resolved" "https://registry.npmjs.org/got/-/got-9.6.0.tgz"
  "version" "9.6.0"
  dependencies:
    "@sindresorhus/is" "^0.14.0"
    "@szmarczak/http-timer" "^1.1.2"
    "cacheable-request" "^6.0.0"
    "decompress-response" "^3.3.0"
    "duplexer3" "^0.1.4"
    "get-stream" "^4.1.0"
    "lowercase-keys" "^1.0.1"
    "mimic-response" "^1.0.1"
    "p-cancelable" "^1.0.0"
    "to-readable-stream" "^1.0.0"
    "url-parse-lax" "^3.0.0"

"has-flag@^3.0.0":
  "integrity" "sha1-tdRU3CGZriJWmfNGfloH87lVuv0= sha512-sKJf1+ceQBr4SMkvQnBDNDtf4TXpVhVGateu0t918bl30FnbE2m4vNLX+VWe/dpjlb+HugGYzW7uQXH98HPEYw=="
  "resolved" "https://registry.npmjs.org/has-flag/-/has-flag-3.0.0.tgz"
  "version" "3.0.0"

"http-cache-semantics@^4.0.0":
  "integrity" "sha512-TcIMG3qeVLgDr1TEd2XvHaTnMPwYQUQMIBLy+5pLSDKYFc7UIqj39w8EGzZkaxoLv/l2K8HaI0t5AVA+YYgUew=="
  "resolved" "https://registry.npmjs.org/http-cache-semantics/-/http-cache-semantics-4.0.3.tgz"
  "version" "4.0.3"

"json-buffer@3.0.0":
  "integrity" "sha1-Wx85evx11ne96Lz8Dkfh+aPZqJg= sha512-CuUqjv0FUZIdXkHPI8MezCnFCdaTAacej1TZYulLoAg1h/PhwkdXFN4V/gzY4g+fMBCOV2xF+rp7t2XD2ns/NQ=="
  "resolved" "https://registry.npmjs.org/json-buffer/-/json-buffer-3.0.0.tgz"
  "version" "3.0.0"

"keyv@^3.0.0":
  "integrity" "sha512-9ykJ/46SN/9KPM/sichzQ7OvXyGDYKGTaDlKMGCAlg2UK8KRy4jb0d8sFc+0Tt0YYnThq8X2RZgCg74RPxgcVA=="
  "resolved" "https://registry.npmjs.org/keyv/-/keyv-3.1.0.tgz"
  "version" "3.1.0"
  dependencies:
    "json-buffer" "3.0.0"

"lowercase-keys@^1.0.0", "lowercase-keys@^1.0.1":
  "integrity" "sha512-G2Lj61tXDnVFFOi8VZds+SoQjtQC3dgokKdDG2mTm1tx4m50NUHBOZSBwQQHyy0V12A0JTG4icfZQH+xPyh8VA=="
  "resolved" "https://registry.npmjs.org/lowercase-keys/-/lowercase-keys-1.0.1.tgz"
  "version" "1.0.1"

"lowercase-keys@^2.0.0":
  "integrity" "sha512-tqNXrS78oMOE73NMxK4EMLQsQowWf8jKooH9g7xPavRT706R6bkQJ6DY2Te7QukaZsulxa30wQ7bk0pm4XiHmA=="
  "resolved" "https://registry.npmjs.org/lowercase-keys/-/lowercase-keys-2.0.0.tgz"
  "version" "2.0.0"

"mimic-response@^1.0.0", "mimic-response@^1.0.1":
  "integrity" "sha512-j5EctnkH7amfV/q5Hgmoal1g2QHFJRraOtmx0JpIqkxhBhI/lJSl1nMpQ45hVarwNETOoWEimndZ4QK0RHxuxQ=="
  "resolved" "https://registry.npmjs.org/mimic-response/-/mimic-response-1.0.1.tgz"
  "version" "1.0.1"

"minimist@1.2.0":
  "integrity" "sha1-o1AIsg9BOD7sH7kU9M1d95omQoQ= sha512-7Wl+Jz+IGWuSdgsQEJ4JunV0si/iMhg42MnQQG6h1R6TNeVenp4U9x5CC5v/gYqz/fENLQITAWXidNtVL0NNbw=="
  "resolved" "https://registry.npmjs.org/minimist/-/minimist-1.2.0.tgz"
  "version" "1.2.0"

"normalize-url@^4.1.0":
  "integrity" "sha512-0NLtR71o4k6GLP+mr6Ty34c5GA6CMoEsncKJxvQd8NzPxaHRJNnb5gZE8R1XF4CPIS7QPHLJ74IFszwtNVAHVQ=="
  "resolved" "https://registry.npmjs.org/normalize-url/-/normalize-url-4.3.0.tgz"
  "version" "4.3.0"

"once@^1.3.1", "once@^1.4.0":
  "integrity" "sha1-WDsap3WWHUsROsF9nFC6753Xa9E= sha512-lNaJgI+2Q5URQBkccEKHTQOPaXdUxnZZElQTZY0MFUAuaEqe1E+Nyvgdz/aIyNi6Z9MzO5dv1H8n58/GELp3+w=="
  "resolved" "https://registry.npmjs.org/once/-/once-1.4.0.tgz"
  "version" "1.4.0"
  dependencies:
    "wrappy" "1"

"p-cancelable@^1.0.0":
  "integrity" "sha512-s73XxOZ4zpt1edZYZzvhqFa6uvQc1vwUa0K0BdtIZgQMAJj9IbebH+JkgKZc9h+B05PKHLOTl4ajG1BmNrVZlw=="
  "resolved" "https://registry.npmjs.org/p-cancelable/-/p-cancelable-1.1.0.tgz"
  "version" "1.1.0"

"prepend-http@^2.0.0":
  "integrity" "sha1-6SQ0v6XqjBn0HN/UAddBo8gZ2Jc= sha512-ravE6m9Atw9Z/jjttRUZ+clIXogdghyZAuWJ3qEzjT+jI/dL1ifAqhZeC5VHzQp1MSt1+jxKkFNemj/iO7tVUA=="
  "resolved" "https://registry.npmjs.org/prepend-http/-/prepend-http-2.0.0.tgz"
  "version" "2.0.0"

"prettier@1.18.2":
  "integrity" "sha512-OeHeMc0JhFE9idD4ZdtNibzY0+TPHSpSSb9h8FqtP+YnoZZ1sl8Vc9b1sasjfymH3SonAF4QcA2+mzHPhMvIiw=="
  "resolved" "https://registry.npmjs.org/prettier/-/prettier-1.18.2.tgz"
  "version" "1.18.2"

"pump@^3.0.0":
  "integrity" "sha512-LwZy+p3SFs1Pytd/jYct4wpv49HiYCqd9Rlc5ZVdk0V+8Yzv6jR5Blk3TRmPL1ft69TxP0IMZGJ+WPFU2BFhww=="
  "resolved" "https://registry.npmjs.org/pump/-/pump-3.0.0.tgz"
  "version" "3.0.0"
  dependencies:
    "end-of-stream" "^1.1.0"
    "once" "^1.3.1"

"responselike@^1.0.2":
  "integrity" "sha1-kYcg7ztjHFZCvgaPFa3lpG9Loec= sha512-/Fpe5guzJk1gPqdJLJR5u7eG/gNY4nImjbRDaVWVMRhne55TCmj2i9Q+54PBRfatRC8v/rIiv9BN0pMd9OV5EQ=="
  "resolved" "https://registry.npmjs.org/responselike/-/responselike-1.0.2.tgz"
  "version" "1.0.2"
  dependencies:
    "lowercase-keys" "^1.0.0"

"supports-color@^5.3.0":
  "integrity" "sha512-QjVjwdXIt408MIiAqCX4oUKsgU2EqAGzs2Ppkm4aQYbjm+ZEWEcW4SfFNTr4uMNZma0ey4f5lgLrkB0aX0QMow=="
  "resolved" "https://registry.npmjs.org/supports-color/-/supports-color-5.5.0.tgz"
  "version" "5.5.0"
  dependencies:
    "has-flag" "^3.0.0"

"to-readable-stream@^1.0.0":
  "integrity" "sha512-Iq25XBt6zD5npPhlLVXGFN3/gyR2/qODcKNNyTMd4vbm39HUaOiAM4PMq0eMVC/Tkxz+Zjdsc55g9yyz+Yq00Q=="
  "resolved" "https://registry.npmjs.org/to-readable-stream/-/to-readable-stream-1.0.0.tgz"
  "version" "1.0.0"

"url-parse-lax@^3.0.0":
  "integrity" "sha1-FrXK/Afb42dsGxmZF3gj1lA6yww= sha512-NjFKA0DidqPa5ciFcSrXnAltTtzz84ogy+NebPvfEgAck0+TNg4UJ4IN+fB7zRZfbgUf0syOo9MDxFkDSMuFaQ=="
  "resolved" "https://registry.npmjs.org/url-parse-lax/-/url-parse-lax-3.0.0.tgz"
  "version" "3.0.0"
  dependencies:
    "prepend-http" "^2.0.0"

"wrappy@1":
  "integrity" "sha1-tSQ9jz7BqjXxNkYFvA0QNuMKtp8= sha512-l4Sp/DRseor9wL6EvV2+TuQn63dMkPjZ/sp9XkghTEbV9KlPS1xUsZ3u7/IQO4wxtcFB4bgpQPRcR3QCvezPcQ=="
  "resolved" "https://registry.npmjs.org/wrappy/-/wrappy-1.0.2.tgz"
  "version" "1.0.2"
